
Microsoft Visual Studio Solution File, Format Version 12.00
# Visual Studio Version 17
VisualStudioVersion = 17.9.34723.18
MinimumVisualStudioVersion = 10.0.40219.1
Project("{FAE04EC0-301F-11D3-BF4B-00C04F79EFBC}") = "sales-management-api", "sales-management-api\sales-management-api.csproj", "{5A62E3B9-6D00-4087-BC54-CAF44B36EB5E}"
EndProject
Project("{2150E333-8FDC-42A3-9474-1A3956D46DE8}") = "Domain", "Domain", "{849C22F1-5790-43B4-BCAB-94C45E9E710D}"
EndProject
Project("{2150E333-8FDC-42A3-9474-1A3956D46DE8}") = "Entities", "Entities", "{04667607-AA5F-4B8D-B3D1-6CAAE69B0437}"
EndProject
Project("{2150E333-8FDC-42A3-9474-1A3956D46DE8}") = "Infrastructure", "Infrastructure", "{569A99F0-A40F-47D9-AEB2-FC43A1C2D74A}"
EndProject
Project("{2150E333-8FDC-42A3-9474-1A3956D46DE8}") = "Presentation", "Presentation", "{13433159-5634-46DE-8191-2E1AA58B264B}"
EndProject
Project("{FAE04EC0-301F-11D3-BF4B-00C04F79EFBC}") = "Data.Infrastructure", "Data.Infrastructure\Data.Infrastructure.csproj", "{C844CAEA-DBD9-401E-9130-A81087BF7CC9}"
EndProject
Project("{FAE04EC0-301F-11D3-BF4B-00C04F79EFBC}") = "Core", "Core\Core.csproj", "{A176B2AD-B37F-4DB7-A2AC-324EC8CAC403}"
EndProject
Project("{FAE04EC0-301F-11D3-BF4B-00C04F79EFBC}") = "Entities", "Entities\Entities.csproj", "{C0C6CFCB-4A95-40B6-8322-A7BFB61E2FA1}"
EndProject
Global
	GlobalSection(SolutionConfigurationPlatforms) = preSolution
		Debug|Any CPU = Debug|Any CPU
		Release|Any CPU = Release|Any CPU
	EndGlobalSection
	GlobalSection(ProjectConfigurationPlatforms) = postSolution
		{5A62E3B9-6D00-4087-BC54-CAF44B36EB5E}.Debug|Any CPU.ActiveCfg = Debug|Any CPU
		{5A62E3B9-6D00-4087-BC54-CAF44B36EB5E}.Debug|Any CPU.Build.0 = Debug|Any CPU
		{5A62E3B9-6D00-4087-BC54-CAF44B36EB5E}.Release|Any CPU.ActiveCfg = Release|Any CPU
		{5A62E3B9-6D00-4087-BC54-CAF44B36EB5E}.Release|Any CPU.Build.0 = Release|Any CPU
		{C844CAEA-DBD9-401E-9130-A81087BF7CC9}.Debug|Any CPU.ActiveCfg = Debug|Any CPU
		{C844CAEA-DBD9-401E-9130-A81087BF7CC9}.Debug|Any CPU.Build.0 = Debug|Any CPU
		{C844CAEA-DBD9-401E-9130-A81087BF7CC9}.Release|Any CPU.ActiveCfg = Release|Any CPU
		{C844CAEA-DBD9-401E-9130-A81087BF7CC9}.Release|Any CPU.Build.0 = Release|Any CPU
		{A176B2AD-B37F-4DB7-A2AC-324EC8CAC403}.Debug|Any CPU.ActiveCfg = Debug|Any CPU
		{A176B2AD-B37F-4DB7-A2AC-324EC8CAC403}.Debug|Any CPU.Build.0 = Debug|Any CPU
		{A176B2AD-B37F-4DB7-A2AC-324EC8CAC403}.Release|Any CPU.ActiveCfg = Release|Any CPU
		{A176B2AD-B37F-4DB7-A2AC-324EC8CAC403}.Release|Any CPU.Build.0 = Release|Any CPU
		{C0C6CFCB-4A95-40B6-8322-A7BFB61E2FA1}.Debug|Any CPU.ActiveCfg = Debug|Any CPU
		{C0C6CFCB-4A95-40B6-8322-A7BFB61E2FA1}.Debug|Any CPU.Build.0 = Debug|Any CPU
		{C0C6CFCB-4A95-40B6-8322-A7BFB61E2FA1}.Release|Any CPU.ActiveCfg = Release|Any CPU
		{C0C6CFCB-4A95-40B6-8322-A7BFB61E2FA1}.Release|Any CPU.Build.0 = Release|Any CPU
	EndGlobalSection
	GlobalSection(SolutionProperties) = preSolution
		HideSolutionNode = FALSE
	EndGlobalSection
	GlobalSection(NestedProjects) = preSolution
		{5A62E3B9-6D00-4087-BC54-CAF44B36EB5E} = {13433159-5634-46DE-8191-2E1AA58B264B}
		{C844CAEA-DBD9-401E-9130-A81087BF7CC9} = {569A99F0-A40F-47D9-AEB2-FC43A1C2D74A}
		{A176B2AD-B37F-4DB7-A2AC-324EC8CAC403} = {849C22F1-5790-43B4-BCAB-94C45E9E710D}
		{C0C6CFCB-4A95-40B6-8322-A7BFB61E2FA1} = {04667607-AA5F-4B8D-B3D1-6CAAE69B0437}
	EndGlobalSection
	GlobalSection(ExtensibilityGlobals) = postSolution
		SolutionGuid = {71DFA307-477C-4C46-83A4-AF467CF25AEC}
	EndGlobalSection
EndGlobal
